{
    "name": "chess-vision-trainer",
    "version": "2.0.0",
    "lockfileVersion": 3,
    "requires": true,
    "packages": {
        "": {
            "name": "chess-vision-trainer",
            "version": "2.0.0",
            "license": "MIT",
            "devDependencies": {
                "@types/node": "^26.1.2",
                "daisyui": "^5.7.8",
                "tailwindcss": "^4.3.3",
                "typescript": "^5.3.0"
            }
        },
        "node_modules/@types/node": {
            "version": "26.1.2",
            "resolved": "https://registry.npmjs.org/@types/node/-/node-26.1.2.tgz",
            "integrity": "sha512-Vu4a5UFA9rIIFJ7rB/Vaafh9lrCQszopTCx6KjFboXTGQbPNasehVR5TEiithSDGyd1DEiUByggTZsg8jukeIg==",
            "dev": true,
            "license": "MIT",
            "dependencies": {
                "undici-types": "~8.3.0"
            }
        },
        "node_modules/daisyui": {
            "version": "5.7.8",
            "resolved": "https://registry.npmjs.org/daisyui/-/daisyui-5.7.8.tgz",
            "integrity": "sha512-/r3QoXteCOSlbvUM7bfOTIkc3rq6WskDRKgdTIF7M3ufdnY8gXsAo/CfRUNM2La21Kpnr34PGyU3uDFJ6sGJog==",
            "dev": true,
            "license": "MIT",
            "funding": {
                "url": "https://github.com/saadeghi/daisyui?sponsor=1"
            }
        },
        "node_modules/tailwindcss": {
            "version": "4.3.3",
            "resolved": "https://registry.npmjs.org/tailwindcss/-/tailwindcss-4.3.3.tgz",
            "integrity": "sha512-gOhV3P7ufE62QDGg1zVaTgCR+EtPv92k2nIhVcVKcLmxT1sUBsQGhnZj175j+MqRt4zLF7ic+sCYjfhxMxj7YQ==",
            "dev": true,
            "license": "MIT"
        },
        "node_modules/typescript": {
            "version": "5.9.3",
            "resolved": "https://registry.npmjs.org/typescript/-/typescript-5.9.3.tgz",
            "integrity": "sha512-jl1vZzPDinLr9eUt3J/t7V6FgNEw9QjvBPdysz9KfQDD41fQrC2Y4vKQdiaUpFT4bXlb1RHhLpp8wtm6M5TgSw==",
            "dev": true,
            "license": "Apache-2.0",
            "bin": {
                "tsc": "bin/tsc",
                "tsserver": "bin/tsserver"
            },
            "engines": {
                "node": ">=14.17"
            }
        },
        "node_modules/undici-types": {
            "version": "8.3.0",
            "resolved": "https://registry.npmjs.org/undici-types/-/undici-types-8.3.0.tgz",
            "integrity": "sha512-j375ScV60dom+YkPFIfTLcOiPxkN/buHz5GobjLhixFuANaNs3C9l4GmrWqejgXWJ7BbJcFYpTEUkS1Ge8bpZQ==",
            "dev": true,
            "license": "MIT"
        }
    }
}
